
Microsoft Visual Studio Solution File, Format Version 12.00
# Visual Studio Version 17
VisualStudioVersion = 17.7.34024.191
MinimumVisualStudioVersion = 10.0.40219.1
Project("{FAE04EC0-301F-11D3-BF4B-00C04F79EFBC}") = "oop-lab-7", "oop-lab-7\oop-lab-7.csproj", "{1421BB54-C9AA-4683-9738-6E74BBCF490C}"
EndProject
Project("{FAE04EC0-301F-11D3-BF4B-00C04F79EFBC}") = "ClassLibrary1", "ClassLibrary1\ClassLibrary1.csproj", "{0D2B1D03-CED8-4C8B-B04A-0345D4041647}"
EndProject
Global
	GlobalSection(SolutionConfigurationPlatforms) = preSolution
		Debug|Any CPU = Debug|Any CPU
		Release|Any CPU = Release|Any CPU
	EndGlobalSection
	GlobalSection(ProjectConfigurationPlatforms) = postSolution
		{1421BB54-C9AA-4683-9738-6E74BBCF490C}.Debug|Any CPU.ActiveCfg = Debug|Any CPU
		{1421BB54-C9AA-4683-9738-6E74BBCF490C}.Debug|Any CPU.Build.0 = Debug|Any CPU
		{1421BB54-C9AA-4683-9738-6E74BBCF490C}.Release|Any CPU.ActiveCfg = Release|Any CPU
		{1421BB54-C9AA-4683-9738-6E74BBCF490C}.Release|Any CPU.Build.0 = Release|Any CPU
		{0D2B1D03-CED8-4C8B-B04A-0345D4041647}.Debug|Any CPU.ActiveCfg = Debug|Any CPU
		{0D2B1D03-CED8-4C8B-B04A-0345D4041647}.Debug|Any CPU.Build.0 = Debug|Any CPU
		{0D2B1D03-CED8-4C8B-B04A-0345D4041647}.Release|Any CPU.ActiveCfg = Release|Any CPU
		{0D2B1D03-CED8-4C8B-B04A-0345D4041647}.Release|Any CPU.Build.0 = Release|Any CPU
	EndGlobalSection
	GlobalSection(SolutionProperties) = preSolution
		HideSolutionNode = FALSE
	EndGlobalSection
	GlobalSection(ExtensibilityGlobals) = postSolution
		SolutionGuid = {F22BEEC7-B34F-4530-86E6-4A8703BE8C55}
	EndGlobalSection
EndGlobal
